
Microsoft Visual Studio Solution File, Format Version 12.00
# Visual Studio 15
VisualStudioVersion = 15.0.28010.0
MinimumVisualStudioVersion = 10.0.40219.1
Project("{8BC9CEB8-8B4A-11D0-8D11-00A0C91BC942}") = "Project1", "Project1.vcxproj", "{917B3553-31E6-4C5A-9299-F947A7D14933}"
EndProject
Global
	GlobalSection(SolutionConfigurationPlatforms) = preSolution
		Debug|x64 = Debug|x64
		Debug|x86 = Debug|x86
		Release|x64 = Release|x64
		Release|x86 = Release|x86
	EndGlobalSection
	GlobalSection(ProjectConfigurationPlatforms) = postSolution
		{917B3553-31E6-4C5A-9299-F947A7D14933}.Debug|x64.ActiveCfg = Debug|x64
		{917B3553-31E6-4C5A-9299-F947A7D14933}.Debug|x64.Build.0 = Debug|x64
		{917B3553-31E6-4C5A-9299-F947A7D14933}.Debug|x86.ActiveCfg = Debug|x64
		{917B3553-31E6-4C5A-9299-F947A7D14933}.Release|x64.ActiveCfg = Release|x64
		{917B3553-31E6-4C5A-9299-F947A7D14933}.Release|x64.Build.0 = Release|x64
		{917B3553-31E6-4C5A-9299-F947A7D14933}.Release|x86.ActiveCfg = Release|x64
	EndGlobalSection
	GlobalSection(SolutionProperties) = preSolution
		HideSolutionNode = FALSE
	EndGlobalSection
	GlobalSection(ExtensibilityGlobals) = postSolution
		SolutionGuid = {2D97DDCC-0DDB-435C-B6D8-AE1BE363D616}
	EndGlobalSection
EndGlobal
